bitbucket.org/nndi/phada v0.0.0-20180621152419-e0115143476e h1:w7Wd9jYn8lBenicxg23U1hlURMOLRc3mxVZ87rUK/iM=
bitbucket.org/nndi/phada v0.0.0-20180621152419-e0115143476e/go.mod h1:YBDWJHG8YsNOhJOH7jECOBcJtCfibrcS7wvw37d9mrQ=
github.com/arduino/go-system-stats v0.0.0-20180215112344-1598cba505aa h1:7HHJYWUdxbSEH+L/kKN0PicCm2n/1psq6w0qkN+oN1Y=
github.com/arduino/go-system-stats v0.0.0-20180215112344-1598cba505aa/go.mod h1:enB9Xx68Fen6OweknaIpPj8qtlFFPcRQ25wLlCJRbjo=
github.com/arduino/gonetworkmanager v0.0.0-20180215112023-793c32a95fe2/go.mod h1:v+d/fcOz5YSWCwBMmhuIMQqqO3nHqXWqhkLIuJgf6Z4=
github.com/cloudfoundry/gosigar v1.1.0 h1:V/dVCzhKOdIU3WRB5inQU20s4yIgL9Dxx/Mhi0SF8eM=
github.com/cloudfoundry/gosigar v1.1.0/go.mod h1:3qLfc2GlfmwOx2+ZDaRGH3Y9fwQ0sQeaAleo2GV5pH0=
github.com/dustin/go-humanize v1.0.0 h1:VSnTsYCnlFHaM2/igO1h6X3HA71jcobQuxemgkq4zYo=
github.com/dustin/go-humanize v1.0.0/go.mod h1:HtrtbFcZ19U5GC7JDqmcUSB87Iq5E25KnS6fMYU6eOk=
github.com/godbus/dbus v4.1.0+incompatible/go.mod h1:/YcGZj5zSblfDWMMoOzV4fas9FZnQYTkDnsGvmh2Grw=
github.com/orcaman/concurrent-map v0.0.0-20180319144342-a05df785d2dc h1:7nyfMLo3yzesbmwJrgFGscsnkvw/zirlWJ4oQqr9CzQ=
github.com/orcaman/concurrent-map v0.0.0-20180319144342-a05df785d2dc/go.mod h1:Lu3tH6HLW3feq74c2GC+jIMS/K2CFcDWnWD9XkenwhI=
github.com/pkg/errors v0.8.1 h1:iURUrRGxPUNPdy5/HRSm+Yj6okJ6UtLINN0Q9M4+h3I=
github.com/pkg/errors v0.8.1/go.mod h1:bwawxfHBFNV+L2hUp1rHADufV3IMtnDRdf1r5NINEl0=
github.com/satori/go.uuid v1.2.0/go.mod h1:dA0hQrYB0VpLJoorglMZABFdXlWrHn1NEOzdhQKdks0=
golang.org/x/sys v0.0.0-20191120155948-bd437916bb0e h1:N7DeIrjYszNmSW409R3frPPwglRwMkXSBzwVbkOjLLA=
golang.org/x/sys v0.0.0-20191120155948-bd437916bb0e/go.mod h1:h1NjWce9XRLGQEsW7wpKNCjG9DtNlClVuFLEZdDNbEs=
