bitbucket.org/nndi/phada v0.0.0-20200108220958-c88f9f9f8c56 h1:PsAFRpkMglreMQ23i8ep403HFfXm7FJAKW139tGbBUg=
bitbucket.org/nndi/phada v0.0.0-20200108220958-c88f9f9f8c56/go.mod h1:4D7C0nj53RKKMOragoH44/RaG0QxTleEkLjfxj83+IE=
bitbucket.org/nndi/phada v0.2.0 h1:pt0v3hx+xtaejswYVmSnO4wgu6By6fiLn3LsBdP4lD8=
bitbucket.org/nndi/phada v0.2.0/go.mod h1:a+rBH0cvaRgjCPE+O5EVXAxHqTgnO7t8FxHx+htBNDU=
github.com/OneOfOne/xxhash v1.2.2/go.mod h1:HSdplMjZKSmBqAxg5vPj2TmRDmfkzw+cTzAElWljhcU=
github.com/arduino/go-system-stats v0.0.0-20180215112344-1598cba505aa h1:7HHJYWUdxbSEH+L/kKN0PicCm2n/1psq6w0qkN+oN1Y=
github.com/arduino/go-system-stats v0.0.0-20180215112344-1598cba505aa/go.mod h1:enB9Xx68Fen6OweknaIpPj8qtlFFPcRQ25wLlCJRbjo=
github.com/arduino/gonetworkmanager v0.0.0-20180215112023-793c32a95fe2/go.mod h1:v+d/fcOz5YSWCwBMmhuIMQqqO3nHqXWqhkLIuJgf6Z4=
github.com/cespare/xxhash v1.1.0 h1:a6HrQnmkObjyL+Gs60czilIUGqrzKutQD6XZog3p+ko=
github.com/cespare/xxhash v1.1.0/go.mod h1:XrSqR1VqqWfGrhpAt58auRo0WTKS1nRRg3ghfAqPWnc=
github.com/cloudfoundry/gosigar v1.1.0 h1:V/dVCzhKOdIU3WRB5inQU20s4yIgL9Dxx/Mhi0SF8eM=
github.com/cloudfoundry/gosigar v1.1.0/go.mod h1:3qLfc2GlfmwOx2+ZDaRGH3Y9fwQ0sQeaAleo2GV5pH0=
github.com/dgraph-io/ristretto v0.0.1 h1:cJwdnj42uV8Jg4+KLrYovLiCgIfz9wtWm6E6KA+1tLs=
github.com/dgraph-io/ristretto v0.0.1/go.mod h1:T40EBc7CJke8TkpiYfGGKAeFjSaxuFXhuXRyumBd6RE=
github.com/dgryski/go-farm v0.0.0-20190423205320-6a90982ecee2/go.mod h1:SqUrOPUnsFjfmXRMNPybcSiG0BgUW2AuFH8PAnS2iTw=
github.com/dustin/go-humanize v1.0.0 h1:VSnTsYCnlFHaM2/igO1h6X3HA71jcobQuxemgkq4zYo=
github.com/dustin/go-humanize v1.0.0/go.mod h1:HtrtbFcZ19U5GC7JDqmcUSB87Iq5E25KnS6fMYU6eOk=
github.com/go-redis/redis v6.15.2+incompatible h1:9SpNVG76gr6InJGxoZ6IuuxaCOQwDAhzyXg+Bs+0Sb4=
github.com/go-redis/redis v6.15.2+incompatible/go.mod h1:NAIEuMOZ/fxfXJIrKDQDz8wamY7mA7PouImQ2Jvg6kA=
github.com/godbus/dbus v4.1.0+incompatible/go.mod h1:/YcGZj5zSblfDWMMoOzV4fas9FZnQYTkDnsGvmh2Grw=
github.com/orcaman/concurrent-map v0.0.0-20190107190726-7ed82d9cb717 h1:2v7IYkog9ZFN04bv5hkwjpyHkc6wujPPOVYDPp2rfwA=
github.com/orcaman/concurrent-map v0.0.0-20190107190726-7ed82d9cb717/go.mod h1:Lu3tH6HLW3feq74c2GC+jIMS/K2CFcDWnWD9XkenwhI=
github.com/pkg/errors v0.8.1 h1:iURUrRGxPUNPdy5/HRSm+Yj6okJ6UtLINN0Q9M4+h3I=
github.com/pkg/errors v0.8.1/go.mod h1:bwawxfHBFNV+L2hUp1rHADufV3IMtnDRdf1r5NINEl0=
github.com/satori/go.uuid v1.2.0/go.mod h1:dA0hQrYB0VpLJoorglMZABFdXlWrHn1NEOzdhQKdks0=
github.com/spaolacci/murmur3 v0.0.0-20180118202830-f09979ecbc72/go.mod h1:JwIasOWyU6f++ZhiEuf87xNszmSA2myDM2Kzu9HwQUA=
golang.org/x/sys v0.0.0-20191120155948-bd437916bb0e h1:N7DeIrjYszNmSW409R3frPPwglRwMkXSBzwVbkOjLLA=
golang.org/x/sys v0.0.0-20191120155948-bd437916bb0e/go.mod h1:h1NjWce9XRLGQEsW7wpKNCjG9DtNlClVuFLEZdDNbEs=
