# This file is autogenerated, do not edit; changes may be undone by the next 'dep ensure'.


[[projects]]
  branch = "master"
  name = "bitbucket.org/nndi/phada"
  packages = ["."]
  revision = "e0115143476e6d36ac178d9ca46a2f32d1cc22ce"

[[projects]]
  branch = "master"
  name = "github.com/arduino/go-system-stats"
  packages = ["mem","network"]
  revision = "1598cba505aa234f94532ae9474bc0241ac80b6c"

[[projects]]
  branch = "master"
  name = "github.com/arduino/gonetworkmanager"
  packages = ["."]
  revision = "793c32a95fe2174d8020091ef309e4ea492de66a"

[[projects]]
  branch = "master"
  name = "github.com/dustin/go-humanize"
  packages = ["."]
  revision = "9f541cc9db5d55bce703bd99987c9d5cb8eea45e"

[[projects]]
  name = "github.com/godbus/dbus"
  packages = ["."]
  revision = "a389bdde4dd695d414e47b755e95e72b7826432c"
  version = "v4.1.0"

[[projects]]
  branch = "master"
  name = "github.com/orcaman/concurrent-map"
  packages = ["."]
  revision = "a05df785d2dcc16310fb997ee1702100d047cfe1"

[[projects]]
  name = "github.com/satori/go.uuid"
  packages = ["."]
  revision = "f58768cc1a7a7e77a3bd49e98cdd21419399b6a3"
  version = "v1.2.0"

[solve-meta]
  analyzer-name = "dep"
  analyzer-version = 1
  inputs-digest = "cbdf07819a0d07a1a795446f051c034ae9986f318cc732f1e60e429b04bdb650"
  solver-name = "gps-cdcl"
  solver-version = 1
